
Microsoft Visual Studio Solution File, Format Version 12.00
# Visual Studio 15
VisualStudioVersion = 15.0.26430.16
MinimumVisualStudioVersion = 10.0.40219.1
Project("{FAE04EC0-301F-11D3-BF4B-00C04F79EFBC}") = "FacebookAplication", "C17 Ex01 JacobSobolev\FacebookAplication.csproj", "{CA0BA730-02CD-4DEE-A68E-BC12733B4417}"
EndProject
Project("{2150E333-8FDC-42A3-9474-1A3956D46DE8}") = "Solution Items", "Solution Items", "{1422A97E-C497-48D4-8474-2362C901D162}"
	ProjectSection(SolutionItems) = preProject
		..\..\..\Desktop\DS\C17-Ex01-JacobSobolev-description-1 (1).docx = ..\..\..\Desktop\DS\C17-Ex01-JacobSobolev-description-1 (1).docx
		Exercise Checking Report.txt = Exercise Checking Report.txt
	EndProjectSection
EndProject
Global
	GlobalSection(SolutionConfigurationPlatforms) = preSolution
		Debug|Any CPU = Debug|Any CPU
		Release|Any CPU = Release|Any CPU
	EndGlobalSection
	GlobalSection(ProjectConfigurationPlatforms) = postSolution
		{CA0BA730-02CD-4DEE-A68E-BC12733B4417}.Debug|Any CPU.ActiveCfg = Debug|Any CPU
		{CA0BA730-02CD-4DEE-A68E-BC12733B4417}.Debug|Any CPU.Build.0 = Debug|Any CPU
		{CA0BA730-02CD-4DEE-A68E-BC12733B4417}.Release|Any CPU.ActiveCfg = Release|Any CPU
		{CA0BA730-02CD-4DEE-A68E-BC12733B4417}.Release|Any CPU.Build.0 = Release|Any CPU
	EndGlobalSection
	GlobalSection(SolutionProperties) = preSolution
		HideSolutionNode = FALSE
	EndGlobalSection
EndGlobal
